
Microsoft Visual Studio Solution File, Format Version 12.00
# Visual Studio Version 16
VisualStudioVersion = 16.0.30907.101
MinimumVisualStudioVersion = 10.0.40219.1
Project("{FAE04EC0-301F-11D3-BF4B-00C04F79EFBC}") = "EmployeeService", "EmployeeService\EmployeeService.csproj", "{91938DDE-1489-420E-B976-3EFB47114543}"
EndProject
Project("{FAE04EC0-301F-11D3-BF4B-00C04F79EFBC}") = "EmployeeDataAccess", "EmployeeDataAccess\EmployeeDataAccess.csproj", "{F92AB8C8-06E6-4929-9BBC-E1E9F37E85E3}"
EndProject
Global
	GlobalSection(SolutionConfigurationPlatforms) = preSolution
		Debug|Any CPU = Debug|Any CPU
		Release|Any CPU = Release|Any CPU
	EndGlobalSection
	GlobalSection(ProjectConfigurationPlatforms) = postSolution
		{91938DDE-1489-420E-B976-3EFB47114543}.Debug|Any CPU.ActiveCfg = Debug|Any CPU
		{91938DDE-1489-420E-B976-3EFB47114543}.Debug|Any CPU.Build.0 = Debug|Any CPU
		{91938DDE-1489-420E-B976-3EFB47114543}.Release|Any CPU.ActiveCfg = Release|Any CPU
		{91938DDE-1489-420E-B976-3EFB47114543}.Release|Any CPU.Build.0 = Release|Any CPU
		{F92AB8C8-06E6-4929-9BBC-E1E9F37E85E3}.Debug|Any CPU.ActiveCfg = Debug|Any CPU
		{F92AB8C8-06E6-4929-9BBC-E1E9F37E85E3}.Debug|Any CPU.Build.0 = Debug|Any CPU
		{F92AB8C8-06E6-4929-9BBC-E1E9F37E85E3}.Release|Any CPU.ActiveCfg = Release|Any CPU
		{F92AB8C8-06E6-4929-9BBC-E1E9F37E85E3}.Release|Any CPU.Build.0 = Release|Any CPU
	EndGlobalSection
	GlobalSection(SolutionProperties) = preSolution
		HideSolutionNode = FALSE
	EndGlobalSection
	GlobalSection(ExtensibilityGlobals) = postSolution
		SolutionGuid = {EDC37722-30EA-4B13-B254-6CD3C3C022FF}
	EndGlobalSection
EndGlobal
